
Microsoft Visual Studio Solution File, Format Version 12.00
# Visual Studio 15
VisualStudioVersion = 15.0.27004.2008
MinimumVisualStudioVersion = 10.0.40219.1
Project("{FAE04EC0-301F-11D3-BF4B-00C04F79EFBC}") = "CRUDPerformanceTest", "CRUDPerformanceTest\CRUDPerformanceTest.csproj", "{F193390D-EBA6-48C0-B6E8-04C9B2E8B576}"
EndProject
Global
	GlobalSection(SolutionConfigurationPlatforms) = preSolution
		Debug|Any CPU = Debug|Any CPU
		Release|Any CPU = Release|Any CPU
	EndGlobalSection
	GlobalSection(ProjectConfigurationPlatforms) = postSolution
		{F193390D-EBA6-48C0-B6E8-04C9B2E8B576}.Debug|Any CPU.ActiveCfg = Debug|Any CPU
		{F193390D-EBA6-48C0-B6E8-04C9B2E8B576}.Debug|Any CPU.Build.0 = Debug|Any CPU
		{F193390D-EBA6-48C0-B6E8-04C9B2E8B576}.Release|Any CPU.ActiveCfg = Release|Any CPU
		{F193390D-EBA6-48C0-B6E8-04C9B2E8B576}.Release|Any CPU.Build.0 = Release|Any CPU
	EndGlobalSection
	GlobalSection(SolutionProperties) = preSolution
		HideSolutionNode = FALSE
	EndGlobalSection
	GlobalSection(ExtensibilityGlobals) = postSolution
		SolutionGuid = {C285E851-AF5E-44C6-84E2-309E4DA6E383}
	EndGlobalSection
EndGlobal
